# This file is generated by running "yarn install" inside your project.
# Manual changes might be lost - proceed with caution!

__metadata:
  version: 8
  cacheKey: 10

"@babel/helper-string-parser@npm:^7.29.7":
  version: 7.29.7
  resolution: "@babel/helper-string-parser@npm:7.29.7"
  checksum: 10/4d8ef0ef7105f3d9fe4361137c8f42e5b4c7a52b5380b962762f2a528a1ba89064e2c6236090716ce34b63707b886ae0ebf36b2c2fcc2851f27e652febfc3648
  languageName: node
  linkType: hard

"@babel/helper-validator-identifier@npm:^7.29.7":
  version: 7.29.7
  resolution: "@babel/helper-validator-identifier@npm:7.29.7"
  checksum: 10/2efa42701eb05babf26dff3332109c9e5e1a3400a71fb9e68ee27af28235036a2a72c2494c04bdab3f909075f42a58b2e8271074372bc7f8e79ec02bd364d7a7
  languageName: node
  linkType: hard

"@babel/parser@npm:^7.29.8":
  version: 7.29.8
  resolution: "@babel/parser@npm:7.29.8"
  dependencies:
    "@babel/types": "npm:^7.29.8"
  bin:
    parser: ./bin/babel-parser.js
  checksum: 10/dbd14ebbba0fa3019acd2712b0db3ffd594d0850d4fc487667287b5702893f54a7911570ea842f0cff4dc492a2412e3287dfabfe00c6b78efa7becb1255f3f86
  languageName: node
  linkType: hard

"@babel/types@npm:^7.29.8":
  version: 7.29.8
  resolution: "@babel/types@npm:7.29.8"
  dependencies:
    "@babel/helper-string-parser": "npm:^7.29.7"
    "@babel/helper-validator-identifier": "npm:^7.29.7"
  checksum: 10/ff2becf0f8b432f0820f286fb9319d7f3819b2d0eb95bc26957fbc6250a3ca0ae3656feb98ecb5f171f9e04b34a4c08f5036447f17459ed7bfc32ff649d9b71e
  languageName: node
  linkType: hard

"@jridgewell/sourcemap-codec@npm:^1.5.5":
  version: 1.6.0
  resolution: "@jridgewell/sourcemap-codec@npm:1.6.0"
  checksum: 10/eb53fbf7eb4051302a599d6b91425f381168b2856f321336fb00852cea1e0c1904af2610c157b1535e94a61caa98f0bd068d1d0394dd46adf9e9c45c4e11af91
  languageName: node
  linkType: hard

"@vue/compiler-core@npm:3.5.42":
  version: 3.5.42
  resolution: "@vue/compiler-core@npm:3.5.42"
  dependencies:
    "@babel/parser": "npm:^7.29.8"
    "@vue/shared": "npm:3.5.42"
    entities: "npm:^7.0.1"
    estree-walker: "npm:^2.0.2"
    source-map-js: "npm:^1.2.1"
  checksum: 10/c8828a9557d1531ff9fc8cb236187a43169ba7a76004e0231025468657cae47e67245fbecc6a842ad5de29fd2f2009a703e591a9b304ab8fd84e221d9989198e
  languageName: node
  linkType: hard

"@vue/compiler-dom@npm:3.5.42":
  version: 3.5.42
  resolution: "@vue/compiler-dom@npm:3.5.42"
  dependencies:
    "@vue/compiler-core": "npm:3.5.42"
    "@vue/shared": "npm:3.5.42"
  checksum: 10/d48772a2a6d21996a8e4a00756d6335ff7ab7cce722ca8ed8c8acacb6a5670c9747deb5cc822f0cbabe437c5b635dc3cf6ccc88700fe3e2fc4cdf11a6474292f
  languageName: node
  linkType: hard

"@vue/compiler-sfc@npm:3.5.42":
  version: 3.5.42
  resolution: "@vue/compiler-sfc@npm:3.5.42"
  dependencies:
    "@babel/parser": "npm:^7.29.8"
    "@vue/compiler-core": "npm:3.5.42"
    "@vue/compiler-dom": "npm:3.5.42"
    "@vue/compiler-ssr": "npm:3.5.42"
    "@vue/shared": "npm:3.5.42"
    estree-walker: "npm:^2.0.2"
    magic-string: "npm:^0.30.21"
    postcss: "npm:^8.5.19"
    source-map-js: "npm:^1.2.1"
  checksum: 10/eb9c8b7400cef6c0d8927ce018ee76c71322742eb1ccaefeb5ceb23f85599bdc34d11137b5cf3f747487fe70ed0cf3445d903d6d5c09b1ed33312e5879001642
  languageName: node
  linkType: hard

"@vue/compiler-ssr@npm:3.5.42":
  version: 3.5.42
  resolution: "@vue/compiler-ssr@npm:3.5.42"
  dependencies:
    "@vue/compiler-dom": "npm:3.5.42"
    "@vue/shared": "npm:3.5.42"
  checksum: 10/645e6f6034531bec4fd83a2346bb345095cc63e804b5cb5d71a8fd167f53893ec66cfc1849009b6ead39f1a3ae0dcdf2d226bd7ca659cd9688746755d7f3efc6
  languageName: node
  linkType: hard

"@vue/reactivity@npm:3.5.42":
  version: 3.5.42
  resolution: "@vue/reactivity@npm:3.5.42"
  dependencies:
    "@vue/shared": "npm:3.5.42"
  checksum: 10/e86bc01b1e5317e1c7198ed17ea3217d76f774c5bf26f2a8213e44f8ae6676aab7b3a0b9b9d9203a3f31304bf33e85659f6ddea8a12d29c1209065d08b4fe5ee
  languageName: node
  linkType: hard

"@vue/runtime-core@npm:3.5.42":
  version: 3.5.42
  resolution: "@vue/runtime-core@npm:3.5.42"
  dependencies:
    "@vue/reactivity": "npm:3.5.42"
    "@vue/shared": "npm:3.5.42"
  checksum: 10/776ea0701eb91745046780f7136eae11643e269d356824f229e7ee2083c3f613fbad65ae28a67053c2eb310aaf34877636f54e4276829a865e4a0a50606f0919
  languageName: node
  linkType: hard

"@vue/runtime-dom@npm:3.5.42":
  version: 3.5.42
  resolution: "@vue/runtime-dom@npm:3.5.42"
  dependencies:
    "@vue/reactivity": "npm:3.5.42"
    "@vue/runtime-core": "npm:3.5.42"
    "@vue/shared": "npm:3.5.42"
    csstype: "npm:^3.2.3"
  checksum: 10/683781aa8c9b7bfe684b93231a9a5aa0fecf659c21eacfb4b01908b24e318a090e1929e1841912c2ef2ccad0de1222a46e8d0a1b6493c71840afc823af0e0609
  languageName: node
  linkType: hard

"@vue/server-renderer@npm:3.5.42":
  version: 3.5.42
  resolution: "@vue/server-renderer@npm:3.5.42"
  dependencies:
    "@vue/compiler-ssr": "npm:3.5.42"
    "@vue/runtime-dom": "npm:3.5.42"
    "@vue/shared": "npm:3.5.42"
  checksum: 10/387421828c2b839bd3b2a169b8e4926fb8d97b12154620d893af559968e60c9826271030361bc4cc057454b54d43a0cae37048a251d9c6e9ee6a1c4df692312f
  languageName: node
  linkType: hard

"@vue/shared@npm:3.5.42":
  version: 3.5.42
  resolution: "@vue/shared@npm:3.5.42"
  checksum: 10/0562ab1715688dbdfc06e57714a18e44229ef2e407330b6f76adae6e7d3b85eeb8a89acdd005022d173d4ebfdb327575cf20887b212e794f129c372450338946
  languageName: node
  linkType: hard

"csstype@npm:^3.2.3":
  version: 3.2.3
  resolution: "csstype@npm:3.2.3"
  checksum: 10/ad41baf7e2ffac65ab544d79107bf7cd1a4bb9bab9ac3302f59ab4ba655d5e30942a8ae46e10ba160c6f4ecea464cc95b975ca2fefbdeeacd6ac63f12f99fe1f
  languageName: node
  linkType: hard

"entities@npm:^7.0.1":
  version: 7.0.1
  resolution: "entities@npm:7.0.1"
  checksum: 10/3c0c58d869c45148463e96d21dee2d1b801bd3fe4cf47aa470cd26dfe81d59e9e0a9be92ae083fa02fa441283c883a471486e94538dcfb8544428aa80a55271b
  languageName: node
  linkType: hard

"estree-walker@npm:^2.0.2":
  version: 2.0.2
  resolution: "estree-walker@npm:2.0.2"
  checksum: 10/b02109c5d46bc2ed47de4990eef770f7457b1159a229f0999a09224d2b85ffeed2d7679cffcff90aeb4448e94b0168feb5265b209cdec29aad50a3d6e93d21e2
  languageName: node
  linkType: hard

"magic-string@npm:^0.30.21":
  version: 0.30.21
  resolution: "magic-string@npm:0.30.21"
  dependencies:
    "@jridgewell/sourcemap-codec": "npm:^1.5.5"
  checksum: 10/57d5691f41ed40d962d8bd300148114f53db67fadbff336207db10a99f2bdf4a1be9cac3a68ee85dba575912ee1d4402e4396408196ec2d3afd043b076156221
  languageName: node
  linkType: hard

"nanoid@npm:^3.3.18":
  version: 3.3.19
  resolution: "nanoid@npm:3.3.19"
  bin:
    nanoid: bin/nanoid.cjs
  checksum: 10/a330adb28dad63eccb0a0c95a2a61353e84b7e067061fff94167803d94be8eef0f7b75cf2da1bece06e8b7afb892abbe52cf0ec33298c817a083eedccd7656e4
  languageName: node
  linkType: hard

"picocolors@npm:^1.1.1":
  version: 1.1.1
  resolution: "picocolors@npm:1.1.1"
  checksum: 10/e1cf46bf84886c79055fdfa9dcb3e4711ad259949e3565154b004b260cd356c5d54b31a1437ce9782624bf766272fe6b0154f5f0c744fb7af5d454d2b60db045
  languageName: node
  linkType: hard

"postcss@npm:^8.5.19":
  version: 8.5.28
  resolution: "postcss@npm:8.5.28"
  dependencies:
    nanoid: "npm:^3.3.18"
    picocolors: "npm:^1.1.1"
    source-map-js: "npm:^1.2.1"
  checksum: 10/c34814c1da499f370cd3b02a085a2d866989a966629b7bd4025f4a2a10d538a2ec83dc3181e1008550edb4cf44e49a0c40ec82332b08d9600877e6841240ad05
  languageName: node
  linkType: hard

"source-map-js@npm:^1.2.1":
  version: 1.2.1
  resolution: "source-map-js@npm:1.2.1"
  checksum: 10/ff9d8c8bf096d534a5b7707e0382ef827b4dd360a577d3f34d2b9f48e12c9d230b5747974ee7c607f0df65113732711bb701fe9ece3c7edbd43cb2294d707df3
  languageName: node
  linkType: hard

"vue@npm:3.5.42":
  version: 3.5.42
  resolution: "vue@npm:3.5.42"
  dependencies:
    "@vue/compiler-dom": "npm:3.5.42"
    "@vue/compiler-sfc": "npm:3.5.42"
    "@vue/runtime-dom": "npm:3.5.42"
    "@vue/server-renderer": "npm:3.5.42"
    "@vue/shared": "npm:3.5.42"
  peerDependencies:
    typescript: "*"
  peerDependenciesMeta:
    typescript:
      optional: true
  checksum: 10/b6fa07e1535493861aec2ad18f5630d40608f6b94f9616708f5d2a6424f0d54402fc71880ddd413e81478f1c1aa304a18b81b2d7a4c90262ec56214cc8749b72
  languageName: node
  linkType: hard

"yarn-lock-always-regenerated@workspace:.":
  version: 0.0.0-use.local
  resolution: "yarn-lock-always-regenerated@workspace:."
  dependencies:
    vue: "npm:3.5.42"
  languageName: unknown
  linkType: soft
