# This file is generated by running "yarn install" inside your project.
# Manual changes might be lost - proceed with caution!

__metadata:
  version: 8
  cacheKey: 10

"@babel/helper-string-parser@npm:^7.25.9":
  version: 7.25.9
  resolution: "@babel/helper-string-parser@npm:7.25.9"
  checksum: 10/c28656c52bd48e8c1d9f3e8e68ecafd09d949c57755b0d353739eb4eae7ba4f7e67e92e4036f1cd43378cc1397a2c943ed7bcaf5949b04ab48607def0258b775
  languageName: node
  linkType: hard

"@babel/helper-validator-identifier@npm:^7.25.9":
  version: 7.25.9
  resolution: "@babel/helper-validator-identifier@npm:7.25.9"
  checksum: 10/3f9b649be0c2fd457fa1957b694b4e69532a668866b8a0d81eabfa34ba16dbf3107b39e0e7144c55c3c652bf773ec816af8df4a61273a2bb4eb3145ca9cf478e
  languageName: node
  linkType: hard

"@babel/parser@npm:^7.25.3":
  version: 7.27.0
  resolution: "@babel/parser@npm:7.27.0"
  dependencies:
    "@babel/types": "npm:^7.27.0"
  bin:
    parser: ./bin/babel-parser.js
  checksum: 10/0fee9f05c6db753882ca9d10958301493443da9f6986d7020ebd7a696b35886240016899bc0b47d871aea2abcafd64632343719742e87432c8145e0ec2af2a03
  languageName: node
  linkType: hard

"@babel/types@npm:^7.27.0":
  version: 7.27.0
  resolution: "@babel/types@npm:7.27.0"
  dependencies:
    "@babel/helper-string-parser": "npm:^7.25.9"
    "@babel/helper-validator-identifier": "npm:^7.25.9"
  checksum: 10/2c322bce107c8a534dc4a23be60d570e6a4cc7ca2e44d4f0eee08c0b626104eb7e60ab8de03463bc5da1773a2f69f1e6edec1648d648d65461d6520a7f3b0770
  languageName: node
  linkType: hard

"@jridgewell/sourcemap-codec@npm:^1.5.0":
  version: 1.5.0
  resolution: "@jridgewell/sourcemap-codec@npm:1.5.0"
  checksum: 10/4ed6123217569a1484419ac53f6ea0d9f3b57e5b57ab30d7c267bdb27792a27eb0e4b08e84a2680aa55cc2f2b411ffd6ec3db01c44fdc6dc43aca4b55f8374fd
  languageName: node
  linkType: hard

"@vue/compiler-core@npm:3.5.7":
  version: 3.5.7
  resolution: "@vue/compiler-core@npm:3.5.7"
  dependencies:
    "@babel/parser": "npm:^7.25.3"
    "@vue/shared": "npm:3.5.7"
    entities: "npm:^4.5.0"
    estree-walker: "npm:^2.0.2"
    source-map-js: "npm:^1.2.0"
  checksum: 10/9f3aaa1b3ea023e751b5c6626ffad7a1ab5d379df61f9912c0b2747c49e98c56826f6a32d31340d7f2e66ba70092ac94a7c4acc2a63c039571308a4f1c14f271
  languageName: node
  linkType: hard

"@vue/compiler-dom@npm:3.5.7":
  version: 3.5.7
  resolution: "@vue/compiler-dom@npm:3.5.7"
  dependencies:
    "@vue/compiler-core": "npm:3.5.7"
    "@vue/shared": "npm:3.5.7"
  checksum: 10/306c1c681b6cf834ac38b947055bcba79eb99738d14855d3e3dd53a1dba04b03d0f40f294c2aa5b37a19696a2a7d7d4010f21befc47ba4025113689409874022
  languageName: node
  linkType: hard

"@vue/compiler-sfc@npm:3.5.7":
  version: 3.5.7
  resolution: "@vue/compiler-sfc@npm:3.5.7"
  dependencies:
    "@babel/parser": "npm:^7.25.3"
    "@vue/compiler-core": "npm:3.5.7"
    "@vue/compiler-dom": "npm:3.5.7"
    "@vue/compiler-ssr": "npm:3.5.7"
    "@vue/shared": "npm:3.5.7"
    estree-walker: "npm:^2.0.2"
    magic-string: "npm:^0.30.11"
    postcss: "npm:^8.4.47"
    source-map-js: "npm:^1.2.0"
  checksum: 10/307071f21da780549d1597a8235f3617d75db7504e8a97d4a99ed2ba4be0d806ff76e27922d988ad20fd05846c029e4c88330b73436d8bf0634870aec207a52c
  languageName: node
  linkType: hard

"@vue/compiler-ssr@npm:3.5.7":
  version: 3.5.7
  resolution: "@vue/compiler-ssr@npm:3.5.7"
  dependencies:
    "@vue/compiler-dom": "npm:3.5.7"
    "@vue/shared": "npm:3.5.7"
  checksum: 10/a4d437c7a720387418f8faabf557d87a73b0ef958674423621a85241bd87163f4ac56382a904fdda745cb27a5a8477bb18e45756a128eca0e882dddfce32bd1e
  languageName: node
  linkType: hard

"@vue/reactivity@npm:3.5.7":
  version: 3.5.7
  resolution: "@vue/reactivity@npm:3.5.7"
  dependencies:
    "@vue/shared": "npm:3.5.7"
  checksum: 10/0ce685814faa00322a504ec75898a8b6ed8598810bd535509a1fea3f1cba68049d9bdfba5512e6d0382532dc958b3e407c6a8bdae975c9eebc6135ca98bb4b99
  languageName: node
  linkType: hard

"@vue/runtime-core@npm:3.5.7":
  version: 3.5.7
  resolution: "@vue/runtime-core@npm:3.5.7"
  dependencies:
    "@vue/reactivity": "npm:3.5.7"
    "@vue/shared": "npm:3.5.7"
  checksum: 10/90de256c6c2677e63f75cfea64d0d4a4fd9fc9cdd4495ab31560ddbf043432a5b3350458dd8c80527aab10dc4504d4a9d4b2a87f1e1b40f33dfbf9de26305193
  languageName: node
  linkType: hard

"@vue/runtime-dom@npm:3.5.7":
  version: 3.5.7
  resolution: "@vue/runtime-dom@npm:3.5.7"
  dependencies:
    "@vue/reactivity": "npm:3.5.7"
    "@vue/runtime-core": "npm:3.5.7"
    "@vue/shared": "npm:3.5.7"
    csstype: "npm:^3.1.3"
  checksum: 10/2af5cb3d6b12eb22a010a0cac236cea20d513305e9e8c3c54f68202ba33ca581f3a7c10bf21a27ac7a96354ee616dbdc1c3fa8c5789ca73dbb704b555deee6f3
  languageName: node
  linkType: hard

"@vue/server-renderer@npm:3.5.7":
  version: 3.5.7
  resolution: "@vue/server-renderer@npm:3.5.7"
  dependencies:
    "@vue/compiler-ssr": "npm:3.5.7"
    "@vue/shared": "npm:3.5.7"
  peerDependencies:
    vue: 3.5.7
  checksum: 10/860434a75fb31cf914cd4fe99294957d5c647d99038756a378d68f8932dd20dc734895266b7bdf5dc7dcf303197485e7e66df6465888d4808cc7a5f33e009c59
  languageName: node
  linkType: hard

"@vue/shared@npm:3.5.7":
  version: 3.5.7
  resolution: "@vue/shared@npm:3.5.7"
  checksum: 10/efd70fac348b252ee156b9450180287211f67bb2c67584b781cbcc3f9d99f055570fa99a8954827b785a844216370a40f65f7d31b334cbd89b421d1adee6fcbd
  languageName: node
  linkType: hard

"csstype@npm:^3.1.3":
  version: 3.1.3
  resolution: "csstype@npm:3.1.3"
  checksum: 10/f593cce41ff5ade23f44e77521e3a1bcc2c64107041e1bf6c3c32adc5187d0d60983292fda326154d20b01079e24931aa5b08e4467cc488b60bb1e7f6d478ade
  languageName: node
  linkType: hard

"entities@npm:^4.5.0":
  version: 4.5.0
  resolution: "entities@npm:4.5.0"
  checksum: 10/ede2a35c9bce1aeccd055a1b445d41c75a14a2bb1cd22e242f20cf04d236cdcd7f9c859eb83f76885327bfae0c25bf03303665ee1ce3d47c5927b98b0e3e3d48
  languageName: node
  linkType: hard

"estree-walker@npm:^2.0.2":
  version: 2.0.2
  resolution: "estree-walker@npm:2.0.2"
  checksum: 10/b02109c5d46bc2ed47de4990eef770f7457b1159a229f0999a09224d2b85ffeed2d7679cffcff90aeb4448e94b0168feb5265b209cdec29aad50a3d6e93d21e2
  languageName: node
  linkType: hard

"magic-string@npm:^0.30.11":
  version: 0.30.17
  resolution: "magic-string@npm:0.30.17"
  dependencies:
    "@jridgewell/sourcemap-codec": "npm:^1.5.0"
  checksum: 10/2f71af2b0afd78c2e9012a29b066d2c8ba45a9cd0c8070f7fd72de982fb1c403b4e3afdb1dae00691d56885ede66b772ef6bedf765e02e3a7066208fe2fec4aa
  languageName: node
  linkType: hard

"nanoid@npm:^3.3.8":
  version: 3.3.11
  resolution: "nanoid@npm:3.3.11"
  bin:
    nanoid: bin/nanoid.cjs
  checksum: 10/73b5afe5975a307aaa3c95dfe3334c52cdf9ae71518176895229b8d65ab0d1c0417dd081426134eb7571c055720428ea5d57c645138161e7d10df80815527c48
  languageName: node
  linkType: hard

"picocolors@npm:^1.1.1":
  version: 1.1.1
  resolution: "picocolors@npm:1.1.1"
  checksum: 10/e1cf46bf84886c79055fdfa9dcb3e4711ad259949e3565154b004b260cd356c5d54b31a1437ce9782624bf766272fe6b0154f5f0c744fb7af5d454d2b60db045
  languageName: node
  linkType: hard

"postcss@npm:^8.4.47":
  version: 8.5.3
  resolution: "postcss@npm:8.5.3"
  dependencies:
    nanoid: "npm:^3.3.8"
    picocolors: "npm:^1.1.1"
    source-map-js: "npm:^1.2.1"
  checksum: 10/6d7e21a772e8b05bf102636918654dac097bac013f0dc8346b72ac3604fc16829646f94ea862acccd8f82e910b00e2c11c1f0ea276543565d278c7ca35516a7c
  languageName: node
  linkType: hard

"source-map-js@npm:^1.2.0, source-map-js@npm:^1.2.1":
  version: 1.2.1
  resolution: "source-map-js@npm:1.2.1"
  checksum: 10/ff9d8c8bf096d534a5b7707e0382ef827b4dd360a577d3f34d2b9f48e12c9d230b5747974ee7c607f0df65113732711bb701fe9ece3c7edbd43cb2294d707df3
  languageName: node
  linkType: hard

"vue@npm:3.5.7":
  version: 3.5.7
  resolution: "vue@npm:3.5.7"
  dependencies:
    "@vue/compiler-dom": "npm:3.5.7"
    "@vue/compiler-sfc": "npm:3.5.7"
    "@vue/runtime-dom": "npm:3.5.7"
    "@vue/server-renderer": "npm:3.5.7"
    "@vue/shared": "npm:3.5.7"
  peerDependencies:
    typescript: "*"
  peerDependenciesMeta:
    typescript:
      optional: true
  checksum: 10/9e019d7b7861903cf3e307b10e5ac90c21b8852e03dc30d80743996c4e56b8effb276c8604aff26c652aab327a34c9db45d3fde57f348036e346577d3257154d
  languageName: node
  linkType: hard

"yarn-lock-always-regenerated@workspace:.":
  version: 0.0.0-use.local
  resolution: "yarn-lock-always-regenerated@workspace:."
  dependencies:
    vue: "npm:3.5.7"
  languageName: unknown
  linkType: soft
