# This file is generated by running "yarn install" inside your project.
# Manual changes might be lost - proceed with caution!

__metadata:
  version: 8
  cacheKey: 10

"@babel/helper-string-parser@npm:^7.29.7":
  version: 7.29.7
  resolution: "@babel/helper-string-parser@npm:7.29.7"
  checksum: 10/4d8ef0ef7105f3d9fe4361137c8f42e5b4c7a52b5380b962762f2a528a1ba89064e2c6236090716ce34b63707b886ae0ebf36b2c2fcc2851f27e652febfc3648
  languageName: node
  linkType: hard

"@babel/helper-validator-identifier@npm:^7.29.7":
  version: 7.29.7
  resolution: "@babel/helper-validator-identifier@npm:7.29.7"
  checksum: 10/2efa42701eb05babf26dff3332109c9e5e1a3400a71fb9e68ee27af28235036a2a72c2494c04bdab3f909075f42a58b2e8271074372bc7f8e79ec02bd364d7a7
  languageName: node
  linkType: hard

"@babel/parser@npm:^7.29.8":
  version: 7.29.9
  resolution: "@babel/parser@npm:7.29.9"
  dependencies:
    "@babel/types": "npm:^7.29.8"
  bin:
    parser: ./bin/babel-parser.js
  checksum: 10/b8d6acda3fc7405c497b839b0b6d46cbd309d81bdb310c349e5760ecd689c3641925e1184574106161ce2c78cf5c09d22544a0b3e4d5f002e3b78c263c6f11e6
  languageName: node
  linkType: hard

"@babel/types@npm:^7.29.8":
  version: 7.29.8
  resolution: "@babel/types@npm:7.29.8"
  dependencies:
    "@babel/helper-string-parser": "npm:^7.29.7"
    "@babel/helper-validator-identifier": "npm:^7.29.7"
  checksum: 10/ff2becf0f8b432f0820f286fb9319d7f3819b2d0eb95bc26957fbc6250a3ca0ae3656feb98ecb5f171f9e04b34a4c08f5036447f17459ed7bfc32ff649d9b71e
  languageName: node
  linkType: hard

"@jridgewell/sourcemap-codec@npm:^1.5.5":
  version: 1.6.0
  resolution: "@jridgewell/sourcemap-codec@npm:1.6.0"
  checksum: 10/eb53fbf7eb4051302a599d6b91425f381168b2856f321336fb00852cea1e0c1904af2610c157b1535e94a61caa98f0bd068d1d0394dd46adf9e9c45c4e11af91
  languageName: node
  linkType: hard

"@vue/compiler-core@npm:3.5.43":
  version: 3.5.43
  resolution: "@vue/compiler-core@npm:3.5.43"
  dependencies:
    "@babel/parser": "npm:^7.29.8"
    "@vue/shared": "npm:3.5.43"
    entities: "npm:^7.0.1"
    estree-walker: "npm:^2.0.2"
    source-map-js: "npm:^1.2.1"
  checksum: 10/549edb959c9455e41234dbc70db0292775fec010f3153ff65a14d63ededbd1d4864a33af45a2147057e59895a908ee30e7e68b3f0aa55d7a37b978df6eef2e28
  languageName: node
  linkType: hard

"@vue/compiler-dom@npm:3.5.43":
  version: 3.5.43
  resolution: "@vue/compiler-dom@npm:3.5.43"
  dependencies:
    "@vue/compiler-core": "npm:3.5.43"
    "@vue/shared": "npm:3.5.43"
  checksum: 10/05304cbfaafcc249603ef80e678e613fb95a1f815902b9be22901ef21a37cb7f136e4d77cfaf8e3e9c31c661b5dff19618e7556a0788fa5e07ff35de33c1a0b5
  languageName: node
  linkType: hard

"@vue/compiler-sfc@npm:3.5.43":
  version: 3.5.43
  resolution: "@vue/compiler-sfc@npm:3.5.43"
  dependencies:
    "@babel/parser": "npm:^7.29.8"
    "@vue/compiler-core": "npm:3.5.43"
    "@vue/compiler-dom": "npm:3.5.43"
    "@vue/compiler-ssr": "npm:3.5.43"
    "@vue/shared": "npm:3.5.43"
    estree-walker: "npm:^2.0.2"
    magic-string: "npm:^0.30.21"
    postcss: "npm:^8.5.28"
    source-map-js: "npm:^1.2.1"
  checksum: 10/59024c24e6fffb57fbf54855245215318e28ec02630a61facb89e139ed6cf0a8ed6a20c877d95e62f1d454a83571aa6cecf80cac4adf539817f8907832f79ae0
  languageName: node
  linkType: hard

"@vue/compiler-ssr@npm:3.5.43":
  version: 3.5.43
  resolution: "@vue/compiler-ssr@npm:3.5.43"
  dependencies:
    "@vue/compiler-dom": "npm:3.5.43"
    "@vue/shared": "npm:3.5.43"
  checksum: 10/8dd5d29f61d5af30ced5677cde6342e7612c84e4aa0d1976a15fa09b97af580139fee457afbd2a967ebdcaa71b4eb3ad60dbd0f84d8654267105ba9e2899062f
  languageName: node
  linkType: hard

"@vue/reactivity@npm:3.5.43":
  version: 3.5.43
  resolution: "@vue/reactivity@npm:3.5.43"
  dependencies:
    "@vue/shared": "npm:3.5.43"
  checksum: 10/8bdd96afc45c7f7fec5456696219724239dc670e857bfcb87223282f17a2bc0b2900e7f53f4e49b26a87c60502b91fc4e27d08830a6348b6ea6018d647b9b1a1
  languageName: node
  linkType: hard

"@vue/runtime-core@npm:3.5.43":
  version: 3.5.43
  resolution: "@vue/runtime-core@npm:3.5.43"
  dependencies:
    "@vue/reactivity": "npm:3.5.43"
    "@vue/shared": "npm:3.5.43"
  checksum: 10/89708dd8cfb504c43378e0ad6f8df66aa85b6f82db51067cf85429cb7fe6db6ef43e1c741df1078bfbfe08a8354773c57145a02b17d1a1b1f2b15004a088296f
  languageName: node
  linkType: hard

"@vue/runtime-dom@npm:3.5.43":
  version: 3.5.43
  resolution: "@vue/runtime-dom@npm:3.5.43"
  dependencies:
    "@vue/reactivity": "npm:3.5.43"
    "@vue/runtime-core": "npm:3.5.43"
    "@vue/shared": "npm:3.5.43"
    csstype: "npm:^3.2.3"
  checksum: 10/7c65b87c00185026f2334aca4857379ef62558c7d75be53ea97bc47a74ec54392809a23b8bc0e32797827081ef8c45afe9979496e48e7a33a0edd1794f01af12
  languageName: node
  linkType: hard

"@vue/server-renderer@npm:3.5.43":
  version: 3.5.43
  resolution: "@vue/server-renderer@npm:3.5.43"
  dependencies:
    "@vue/compiler-ssr": "npm:3.5.43"
    "@vue/runtime-dom": "npm:3.5.43"
    "@vue/shared": "npm:3.5.43"
  checksum: 10/ab795a5b34bf6398eb0dc02e2dddbc1f7925c7fcec02d17be6d9e8f7f1e0ce956f3efa34e6eda8d768ba1f4c12c26318ef21217e2a691019114434ee4139f579
  languageName: node
  linkType: hard

"@vue/shared@npm:3.5.43":
  version: 3.5.43
  resolution: "@vue/shared@npm:3.5.43"
  checksum: 10/674ca26bd4e374f00279ad8f0c1485424923fd575e805bbb1627d3bdc2ef873b80fbfc6986f3bc74028e5f63f062b787c2d8e0cd617d98e970e854d9a708b501
  languageName: node
  linkType: hard

"csstype@npm:^3.2.3":
  version: 3.2.3
  resolution: "csstype@npm:3.2.3"
  checksum: 10/ad41baf7e2ffac65ab544d79107bf7cd1a4bb9bab9ac3302f59ab4ba655d5e30942a8ae46e10ba160c6f4ecea464cc95b975ca2fefbdeeacd6ac63f12f99fe1f
  languageName: node
  linkType: hard

"entities@npm:^7.0.1":
  version: 7.0.1
  resolution: "entities@npm:7.0.1"
  checksum: 10/3c0c58d869c45148463e96d21dee2d1b801bd3fe4cf47aa470cd26dfe81d59e9e0a9be92ae083fa02fa441283c883a471486e94538dcfb8544428aa80a55271b
  languageName: node
  linkType: hard

"estree-walker@npm:^2.0.2":
  version: 2.0.2
  resolution: "estree-walker@npm:2.0.2"
  checksum: 10/b02109c5d46bc2ed47de4990eef770f7457b1159a229f0999a09224d2b85ffeed2d7679cffcff90aeb4448e94b0168feb5265b209cdec29aad50a3d6e93d21e2
  languageName: node
  linkType: hard

"magic-string@npm:^0.30.21":
  version: 0.30.21
  resolution: "magic-string@npm:0.30.21"
  dependencies:
    "@jridgewell/sourcemap-codec": "npm:^1.5.5"
  checksum: 10/57d5691f41ed40d962d8bd300148114f53db67fadbff336207db10a99f2bdf4a1be9cac3a68ee85dba575912ee1d4402e4396408196ec2d3afd043b076156221
  languageName: node
  linkType: hard

"nanoid@npm:^3.3.18":
  version: 3.3.19
  resolution: "nanoid@npm:3.3.19"
  bin:
    nanoid: bin/nanoid.cjs
  checksum: 10/a330adb28dad63eccb0a0c95a2a61353e84b7e067061fff94167803d94be8eef0f7b75cf2da1bece06e8b7afb892abbe52cf0ec33298c817a083eedccd7656e4
  languageName: node
  linkType: hard

"picocolors@npm:^1.1.1":
  version: 1.1.1
  resolution: "picocolors@npm:1.1.1"
  checksum: 10/e1cf46bf84886c79055fdfa9dcb3e4711ad259949e3565154b004b260cd356c5d54b31a1437ce9782624bf766272fe6b0154f5f0c744fb7af5d454d2b60db045
  languageName: node
  linkType: hard

"postcss@npm:^8.5.28":
  version: 8.5.28
  resolution: "postcss@npm:8.5.28"
  dependencies:
    nanoid: "npm:^3.3.18"
    picocolors: "npm:^1.1.1"
    source-map-js: "npm:^1.2.1"
  checksum: 10/c34814c1da499f370cd3b02a085a2d866989a966629b7bd4025f4a2a10d538a2ec83dc3181e1008550edb4cf44e49a0c40ec82332b08d9600877e6841240ad05
  languageName: node
  linkType: hard

"source-map-js@npm:^1.2.1":
  version: 1.2.1
  resolution: "source-map-js@npm:1.2.1"
  checksum: 10/ff9d8c8bf096d534a5b7707e0382ef827b4dd360a577d3f34d2b9f48e12c9d230b5747974ee7c607f0df65113732711bb701fe9ece3c7edbd43cb2294d707df3
  languageName: node
  linkType: hard

"vue@npm:3.5.43":
  version: 3.5.43
  resolution: "vue@npm:3.5.43"
  dependencies:
    "@vue/compiler-dom": "npm:3.5.43"
    "@vue/compiler-sfc": "npm:3.5.43"
    "@vue/runtime-dom": "npm:3.5.43"
    "@vue/server-renderer": "npm:3.5.43"
    "@vue/shared": "npm:3.5.43"
  peerDependencies:
    typescript: "*"
  peerDependenciesMeta:
    typescript:
      optional: true
  checksum: 10/3dd130fd8b5fc55a3ed00b2bd6d7a1f9521be0c004d2a87d6b9b90c81740968f6ee171b54d4a710bd8e0c1f3c6833a63bb6e1d40fb27bfe19431edb96e8bf290
  languageName: node
  linkType: hard

"yarn-lock-always-regenerated@workspace:.":
  version: 0.0.0-use.local
  resolution: "yarn-lock-always-regenerated@workspace:."
  dependencies:
    vue: "npm:3.5.43"
  languageName: unknown
  linkType: soft
